{
  "name": "forms",
  "version": "1.0.0",
  "lockfileVersion": 3,
  "requires": true,
  "packages": {
    "": {
      "name": "forms",
      "version": "1.0.0",
      "license": "ISC",
      "dependencies": {
        "axios": "^1.4.0",
        "form": "^0.2.4",
        "sessionstorage": "^0.1.0"
      }
    },
    "node_modules/async": {
      "version": "3.2.4",
      "resolved": "https://registry.npmjs.org/async/-/async-3.2.4.tgz",
      "integrity": "sha512-iAB+JbDEGXhyIUavoDl9WP/Jj106Kz9DEn1DPgYw5ruDn0e3Wgi3sKFm55sASdGBNOQB8F59d9qQ7deqrHA8wQ=="
    },
    "node_modules/asynckit": {
      "version": "0.4.0",
      "resolved": "https://registry.npmjs.org/asynckit/-/asynckit-0.4.0.tgz",
      "integrity": "sha512-Oei9OH4tRh0YqU3GxhX79dM/mwVgvbZJaSNaRk+bshkj0S5cfHcgYakreBjrHwatXKbz+IoIdYLxrKim2MjW0Q=="
    },
    "node_modules/axios": {
      "version": "1.4.0",
      "resolved": "https://registry.npmjs.org/axios/-/axios-1.4.0.tgz",
      "integrity": "sha512-S4XCWMEmzvo64T9GfvQDOXgYRDJ/wsSZc7Jvdgx5u1sd0JwsuPLqb3SYmusag+edF6ziyMensPVqLTSc1PiSEA==",
      "dependencies": {
        "follow-redirects": "^1.15.0",
        "form-data": "^4.0.0",
        "proxy-from-env": "^1.1.0"
      }
    },
    "node_modules/combined-stream": {
      "version": "1.0.8",
      "resolved": "https://registry.npmjs.org/combined-stream/-/combined-stream-1.0.8.tgz",
      "integrity": "sha512-FQN4MRfuJeHf7cBbBMJFXhKSDq+2kAArBlmRBvcvFE5BB1HZKXtSFASDhdlz9zOYwxh8lDdnvmMOe/+5cdoEdg==",
      "dependencies": {
        "delayed-stream": "~1.0.0"
      },
      "engines": {
        "node": ">= 0.8"
      }
    },
    "node_modules/delayed-stream": {
      "version": "1.0.0",
      "resolved": "https://registry.npmjs.org/delayed-stream/-/delayed-stream-1.0.0.tgz",
      "integrity": "sha512-ZySD7Nf91aLB0RxL4KGrKHBXl7Eds1DAmEdcoVawXnLD7SDhpNgtuII2aAkg7a7QS41jxPSZ17p4VdGnMHk3MQ==",
      "engines": {
        "node": ">=0.4.0"
      }
    },
    "node_modules/follow-redirects": {
      "version": "1.15.2",
      "resolved": "https://registry.npmjs.org/follow-redirects/-/follow-redirects-1.15.2.tgz",
      "integrity": "sha512-VQLG33o04KaQ8uYi2tVNbdrWp1QWxNNea+nmIB4EVM28v0hmP17z7aG1+wAkNzVq4KeXTq3221ye5qTJP91JwA==",
      "funding": [
        {
          "type": "individual",
          "url": "https://github.com/sponsors/RubenVerborgh"
        }
      ],
      "engines": {
        "node": ">=4.0"
      },
      "peerDependenciesMeta": {
        "debug": {
          "optional": true
        }
      }
    },
    "node_modules/form": {
      "version": "0.2.4",
      "resolved": "https://registry.npmjs.org/form/-/form-0.2.4.tgz",
      "integrity": "sha512-3Of3Giw5TP2fzbfUec9PFil79CiRbhsnhPKN/xAqdt9fnDaclsCbTdoJsQxeWdoN3Pb4x0gCwQyLNmdPAzlenQ==",
      "dependencies": {
        "async": ">= 0.1.22",
        "validator": ">= 0.4.9"
      },
      "engines": {
        "node": ">= 0.2.2"
      }
    },
    "node_modules/form-data": {
      "version": "4.0.0",
      "resolved": "https://registry.npmjs.org/form-data/-/form-data-4.0.0.tgz",
      "integrity": "sha512-ETEklSGi5t0QMZuiXoA/Q6vcnxcLQP5vdugSpuAyi6SVGi2clPPp+xgEhuMaHC+zGgn31Kd235W35f7Hykkaww==",
      "dependencies": {
        "asynckit": "^0.4.0",
        "combined-stream": "^1.0.8",
        "mime-types": "^2.1.12"
      },
      "engines": {
        "node": ">= 6"
      }
    },
    "node_modules/koekiemonster": {
      "version": "1.0.0",
      "resolved": "https://registry.npmjs.org/koekiemonster/-/koekiemonster-1.0.0.tgz",
      "integrity": "sha512-t+Xoz9e2SCbzKrNiRVlUKFrUEdqG/Zcz+9G9WMo2aCY0GMkdFQtEAwnVvCcjzparr63a6a2yQeqHZ/Aqjrlnog=="
    },
    "node_modules/koekje": {
      "version": "0.1.0",
      "resolved": "https://registry.npmjs.org/koekje/-/koekje-0.1.0.tgz",
      "integrity": "sha512-c99rwBm1e4brEd7hbvEIHcXF8tqGMqXPziiUVJqsEfNbrMcTDh0vE5+O1+MWzOzo83EjEf3hP73RP+sxRCYKXA==",
      "dependencies": {
        "koekiemonster": "1.0.x",
        "querystringify": "1.0.x"
      }
    },
    "node_modules/mime-db": {
      "version": "1.52.0",
      "resolved": "https://registry.npmjs.org/mime-db/-/mime-db-1.52.0.tgz",
      "integrity": "sha512-sPU4uV7dYlvtWJxwwxHD0PuihVNiE7TyAbQ5SWxDCB9mUYvOgroQOwYQQOKPJ8CIbE+1ETVlOoK1UC2nU3gYvg==",
      "engines": {
        "node": ">= 0.6"
      }
    },
    "node_modules/mime-types": {
      "version": "2.1.35",
      "resolved": "https://registry.npmjs.org/mime-types/-/mime-types-2.1.35.tgz",
      "integrity": "sha512-ZDY+bPm5zTTF+YpCrAU9nK0UgICYPT0QtT1NZWFv4s++TNkcgVaT0g6+4R2uI4MjQjzysHB1zxuWL50hzaeXiw==",
      "dependencies": {
        "mime-db": "1.52.0"
      },
      "engines": {
        "node": ">= 0.6"
      }
    },
    "node_modules/objstorage": {
      "version": "1.0.0",
      "resolved": "https://registry.npmjs.org/objstorage/-/objstorage-1.0.0.tgz",
      "integrity": "sha512-wBnDLmz20/Xv3USZbpiKxV3A1wAq1Ezl87yAZ9INSjqB/0+efNjSG9m6gq0dYPNB4yzobGdA/vkYQuxUJRjYVQ=="
    },
    "node_modules/proxy-from-env": {
      "version": "1.1.0",
      "resolved": "https://registry.npmjs.org/proxy-from-env/-/proxy-from-env-1.1.0.tgz",
      "integrity": "sha512-D+zkORCbA9f1tdWRK0RaCR3GPv50cMxcrz4X8k5LTSUD1Dkw47mKJEZQNunItRTkWwgtaUSo1RVFRIG9ZXiFYg=="
    },
    "node_modules/querystringify": {
      "version": "1.0.0",
      "resolved": "https://registry.npmjs.org/querystringify/-/querystringify-1.0.0.tgz",
      "integrity": "sha512-+WIW046/nhIni/mtczBDTctF309Ue0XfKIeF83eilLr4ollrimEqxzIG2DC0MUgvi40F4Rji4m6UhKENNsErtA=="
    },
    "node_modules/sessionstorage": {
      "version": "0.1.0",
      "resolved": "https://registry.npmjs.org/sessionstorage/-/sessionstorage-0.1.0.tgz",
      "integrity": "sha512-z0PrRunU4LRiP73qfXyynz9AZwBDVDmwEFDyA4GAETONnFewp5ZY0BY/1T31bR8XsVOXEtSPIS7BU+ecZhFmcQ==",
      "dependencies": {
        "koekje": "^0.1.0",
        "objstorage": "^1.0.0",
        "window.name": "^0.0.3"
      }
    },
    "node_modules/validator": {
      "version": "13.9.0",
      "resolved": "https://registry.npmjs.org/validator/-/validator-13.9.0.tgz",
      "integrity": "sha512-B+dGG8U3fdtM0/aNK4/X8CXq/EcxU2WPrPEkJGslb47qyHsxmbggTWK0yEA4qnYVNF+nxNlN88o14hIcPmSIEA==",
      "engines": {
        "node": ">= 0.10"
      }
    },
    "node_modules/window.name": {
      "version": "0.0.3",
      "resolved": "https://registry.npmjs.org/window.name/-/window.name-0.0.3.tgz",
      "integrity": "sha512-rO0MVNDs8w43LnIzxNOqF0l7ccR/RWF4W/vnFuDhLjjgXcOfpYtmJiL/iNFKR3SigzYHImDWwJDTbVdHRZCv5A==",
      "dependencies": {
        "querystringify": "0.0.x"
      }
    },
    "node_modules/window.name/node_modules/querystringify": {
      "version": "0.0.4",
      "resolved": "https://registry.npmjs.org/querystringify/-/querystringify-0.0.4.tgz",
      "integrity": "sha512-uSBVdZ68zn9oM4lnS1/7kxuh5+20iSaJiYq/+h75/u+dHapT2jhgGiSr11ewBr9cBjrdqlLLZw6BB2LJr9ritw=="
    }
  }
}
